
Microsoft Visual Studio Solution File, Format Version 12.00
# Visual Studio 15
VisualStudioVersion = 15.0.28307.1062
MinimumVisualStudioVersion = 10.0.40219.1
Project("{8BC9CEB8-8B4A-11D0-8D11-00A0C91BC942}") = "200706 DoublyLinkedList_practice", "200706 DoublyLinkedList_practice.vcxproj", "{C41938D2-8B2C-4402-8D5A-311E7F659FC1}"
EndProject
Global
	GlobalSection(SolutionConfigurationPlatforms) = preSolution
		Debug|x64 = Debug|x64
		Debug|x86 = Debug|x86
		Release|x64 = Release|x64
		Release|x86 = Release|x86
	EndGlobalSection
	GlobalSection(ProjectConfigurationPlatforms) = postSolution
		{C41938D2-8B2C-4402-8D5A-311E7F659FC1}.Debug|x64.ActiveCfg = Debug|x64
		{C41938D2-8B2C-4402-8D5A-311E7F659FC1}.Debug|x64.Build.0 = Debug|x64
		{C41938D2-8B2C-4402-8D5A-311E7F659FC1}.Debug|x86.ActiveCfg = Debug|Win32
		{C41938D2-8B2C-4402-8D5A-311E7F659FC1}.Debug|x86.Build.0 = Debug|Win32
		{C41938D2-8B2C-4402-8D5A-311E7F659FC1}.Release|x64.ActiveCfg = Release|x64
		{C41938D2-8B2C-4402-8D5A-311E7F659FC1}.Release|x64.Build.0 = Release|x64
		{C41938D2-8B2C-4402-8D5A-311E7F659FC1}.Release|x86.ActiveCfg = Release|Win32
		{C41938D2-8B2C-4402-8D5A-311E7F659FC1}.Release|x86.Build.0 = Release|Win32
	EndGlobalSection
	GlobalSection(SolutionProperties) = preSolution
		HideSolutionNode = FALSE
	EndGlobalSection
	GlobalSection(ExtensibilityGlobals) = postSolution
		SolutionGuid = {B2570306-3CCA-4442-A4E1-BE941BD93CD5}
	EndGlobalSection
EndGlobal
